
Microsoft Visual Studio Solution File, Format Version 12.00
# Visual Studio Version 16
VisualStudioVersion = 16.0.29001.49
MinimumVisualStudioVersion = 10.0.40219.1
Project("{FAE04EC0-301F-11D3-BF4B-00C04F79EFBC}") = "Composition", "Composition\Composition.csproj", "{69915F8F-DF52-4A91-98B9-6EF0F594F5A0}"
EndProject
Global
	GlobalSection(SolutionConfigurationPlatforms) = preSolution
		Debug|Any CPU = Debug|Any CPU
		Release|Any CPU = Release|Any CPU
	EndGlobalSection
	GlobalSection(ProjectConfigurationPlatforms) = postSolution
		{69915F8F-DF52-4A91-98B9-6EF0F594F5A0}.Debug|Any CPU.ActiveCfg = Debug|Any CPU
		{69915F8F-DF52-4A91-98B9-6EF0F594F5A0}.Debug|Any CPU.Build.0 = Debug|Any CPU
		{69915F8F-DF52-4A91-98B9-6EF0F594F5A0}.Release|Any CPU.ActiveCfg = Release|Any CPU
		{69915F8F-DF52-4A91-98B9-6EF0F594F5A0}.Release|Any CPU.Build.0 = Release|Any CPU
	EndGlobalSection
	GlobalSection(SolutionProperties) = preSolution
		HideSolutionNode = FALSE
	EndGlobalSection
	GlobalSection(ExtensibilityGlobals) = postSolution
		SolutionGuid = {F948521A-FCA7-4CB2-9385-41EA01A91282}
	EndGlobalSection
EndGlobal
